{
  "nodes": {
    "agenix": {
      "inputs": {
        "nixpkgs": [
          "nixpkgs"
        ]
      },
      "locked": {
        "lastModified": 1638837456,
        "narHash": "sha256-WHLOxthAGx/wXw3QUa/lFE3mr6cQtnXfFYZ0DNyYwt4=",
        "owner": "ryantm",
        "repo": "agenix",
        "rev": "57806bf7e340f4cae705c91748d4fdf8519293a9",
        "type": "github"
      },
      "original": {
        "owner": "ryantm",
        "repo": "agenix",
        "type": "github"
      }
    },
    "emacs-overlay": {
      "locked": {
        "lastModified": 1639848183,
        "narHash": "sha256-Oj9YSEhyzd20RHAbino3O+TcKot8XsfxKO1ZuZgMr+U=",
        "owner": "nix-community",
        "repo": "emacs-overlay",
        "rev": "80685d6b449905d6fa258eb4b13875327741dc02",
        "type": "github"
      },
      "original": {
        "owner": "nix-community",
        "repo": "emacs-overlay",
        "type": "github"
      }
    },
    "home-manager": {
      "inputs": {
        "nixpkgs": [
          "nixpkgs"
        ]
      },
      "locked": {
        "lastModified": 1639774225,
        "narHash": "sha256-pdXvYneQVzB14fD+Q283s17tXRyQMs2JMx4mZ4JeSYg=",
        "owner": "rycee",
        "repo": "home-manager",
        "rev": "8b44e81978a2bef60c83ecc0199ab2523310214a",
        "type": "github"
      },
      "original": {
        "owner": "rycee",
        "ref": "master",
        "repo": "home-manager",
        "type": "github"
      }
    },
    "nixos-hardware": {
      "locked": {
        "lastModified": 1639240632,
        "narHash": "sha256-BAXhgnPOW1COIfZ9EOOFTdolalYS73MFHSRajgrSdZw=",
        "owner": "nixos",
        "repo": "nixos-hardware",
        "rev": "2a7063461c3751d83869a2a0a8ebc59e34bec5b2",
        "type": "github"
      },
      "original": {
        "owner": "nixos",
        "repo": "nixos-hardware",
        "type": "github"
      }
    },
    "nixpkgs": {
      "locked": {
        "lastModified": 1636267212,
        "narHash": "sha256-KDS173KqmqrYUPY9N4vf750GxIo+S6E0djyq2BsQm8s=",
        "owner": "NixOS",
        "repo": "nixpkgs",
        "rev": "c935f5e0add2cf0ae650d072c8357533e21b0c35",
        "type": "github"
      },
      "original": {
        "id": "nixpkgs",
        "ref": "nixos-unstable",
        "type": "indirect"
      }
    },
    "nixpkgs-unstable": {
      "locked": {
        "lastModified": 1639807448,
        "narHash": "sha256-VA9twSpyM0e5Y5XAm20y5Vg6avky+imzfr65FoFq0G0=",
        "owner": "NixOS",
        "repo": "nixpkgs",
        "rev": "2d555e5f6529d8485ea7ccdbd3633cf1681eaa2e",
        "type": "github"
      },
      "original": {
        "id": "nixpkgs",
        "ref": "nixpkgs-unstable",
        "type": "indirect"
      }
    },
    "root": {
      "inputs": {
        "agenix": "agenix",
        "emacs-overlay": "emacs-overlay",
        "home-manager": "home-manager",
        "nixos-hardware": "nixos-hardware",
        "nixpkgs": "nixpkgs",
        "nixpkgs-unstable": "nixpkgs-unstable"
      }
    }
  },
  "root": "root",
  "version": 7
}
