{
  "nodes": {
    "agenix": {
      "inputs": {
        "nixpkgs": [
          "nixpkgs"
        ]
      },
      "locked": {
        "lastModified": 1634404028,
        "narHash": "sha256-JyP2Y6JCCYvUcVz7CXX5pXUfTGTU4GX51Yza82BgMfk=",
        "owner": "ryantm",
        "repo": "agenix",
        "rev": "53aa91b4170da35a96fab1577c9a34bc0da44e27",
        "type": "github"
      },
      "original": {
        "owner": "ryantm",
        "repo": "agenix",
        "type": "github"
      }
    },
    "emacs-overlay": {
      "locked": {
        "lastModified": 1636622352,
        "narHash": "sha256-HZkdAcDh1jS+19vy72oYR1qymh0hrxccBbdskHPt95c=",
        "owner": "nix-community",
        "repo": "emacs-overlay",
        "rev": "80db8e4e9f25e81662a244a96029f3427fe3d5b9",
        "type": "github"
      },
      "original": {
        "owner": "nix-community",
        "repo": "emacs-overlay",
        "type": "github"
      }
    },
    "home-manager": {
      "inputs": {
        "nixpkgs": [
          "nixpkgs"
        ]
      },
      "locked": {
        "lastModified": 1636520380,
        "narHash": "sha256-gBiQ8+AQG6Dia34rqJDuqs6VFe/J1SjIhOZBeTXCKQI=",
        "owner": "rycee",
        "repo": "home-manager",
        "rev": "1e5c8e9bff00d0844bc3d25d1a98eab5633e600b",
        "type": "github"
      },
      "original": {
        "owner": "rycee",
        "ref": "master",
        "repo": "home-manager",
        "type": "github"
      }
    },
    "nixos-hardware": {
      "locked": {
        "lastModified": 1636317251,
        "narHash": "sha256-u1cWvvtGH5mfGkeIKrqw2usk4IL7wDiRcnJkUSiZq3Q=",
        "owner": "nixos",
        "repo": "nixos-hardware",
        "rev": "fd6f34afcf062761fb5035230f6297752bfedcba",
        "type": "github"
      },
      "original": {
        "owner": "nixos",
        "repo": "nixos-hardware",
        "type": "github"
      }
    },
    "nixpkgs": {
      "locked": {
        "lastModified": 1636267212,
        "narHash": "sha256-KDS173KqmqrYUPY9N4vf750GxIo+S6E0djyq2BsQm8s=",
        "owner": "NixOS",
        "repo": "nixpkgs",
        "rev": "c935f5e0add2cf0ae650d072c8357533e21b0c35",
        "type": "github"
      },
      "original": {
        "id": "nixpkgs",
        "ref": "nixos-unstable",
        "type": "indirect"
      }
    },
    "nixpkgs-unstable": {
      "locked": {
        "lastModified": 1636470166,
        "narHash": "sha256-0tyWSS5rgMtML5p41ZdE5ocuAnRdtOGvdsqQyMUBYAI=",
        "owner": "NixOS",
        "repo": "nixpkgs",
        "rev": "f096b7122ab08e93c8b052c92461ca71b80c0cc8",
        "type": "github"
      },
      "original": {
        "id": "nixpkgs",
        "ref": "nixpkgs-unstable",
        "type": "indirect"
      }
    },
    "root": {
      "inputs": {
        "agenix": "agenix",
        "emacs-overlay": "emacs-overlay",
        "home-manager": "home-manager",
        "nixos-hardware": "nixos-hardware",
        "nixpkgs": "nixpkgs",
        "nixpkgs-unstable": "nixpkgs-unstable"
      }
    }
  },
  "root": "root",
  "version": 7
}
