{
  "nodes": {
    "agenix": {
      "inputs": {
        "nixpkgs": [
          "nixpkgs"
        ]
      },
      "locked": {
        "lastModified": 1638837456,
        "narHash": "sha256-WHLOxthAGx/wXw3QUa/lFE3mr6cQtnXfFYZ0DNyYwt4=",
        "owner": "ryantm",
        "repo": "agenix",
        "rev": "57806bf7e340f4cae705c91748d4fdf8519293a9",
        "type": "github"
      },
      "original": {
        "owner": "ryantm",
        "repo": "agenix",
        "type": "github"
      }
    },
    "emacs-overlay": {
      "locked": {
        "lastModified": 1639335156,
        "narHash": "sha256-WarHEkVDvmr18cHSehOUunpE2qK5XUZGiEjAUmn2r4g=",
        "owner": "nix-community",
        "repo": "emacs-overlay",
        "rev": "b5754823ce922a10a73dc534a350d53ee134be84",
        "type": "github"
      },
      "original": {
        "owner": "nix-community",
        "repo": "emacs-overlay",
        "type": "github"
      }
    },
    "home-manager": {
      "inputs": {
        "nixpkgs": [
          "nixpkgs"
        ]
      },
      "locked": {
        "lastModified": 1639329010,
        "narHash": "sha256-k9OXwR06419/s0FAnRalUs24+8EI6GepGaatAXhBc+0=",
        "owner": "rycee",
        "repo": "home-manager",
        "rev": "3d46c011d2cc2c9ca24d9b803e9daf156d9429ea",
        "type": "github"
      },
      "original": {
        "owner": "rycee",
        "ref": "master",
        "repo": "home-manager",
        "type": "github"
      }
    },
    "nixos-hardware": {
      "locked": {
        "lastModified": 1639240632,
        "narHash": "sha256-BAXhgnPOW1COIfZ9EOOFTdolalYS73MFHSRajgrSdZw=",
        "owner": "nixos",
        "repo": "nixos-hardware",
        "rev": "2a7063461c3751d83869a2a0a8ebc59e34bec5b2",
        "type": "github"
      },
      "original": {
        "owner": "nixos",
        "repo": "nixos-hardware",
        "type": "github"
      }
    },
    "nixpkgs": {
      "locked": {
        "lastModified": 1636267212,
        "narHash": "sha256-KDS173KqmqrYUPY9N4vf750GxIo+S6E0djyq2BsQm8s=",
        "owner": "NixOS",
        "repo": "nixpkgs",
        "rev": "c935f5e0add2cf0ae650d072c8357533e21b0c35",
        "type": "github"
      },
      "original": {
        "id": "nixpkgs",
        "ref": "nixos-unstable",
        "type": "indirect"
      }
    },
    "nixpkgs-unstable": {
      "locked": {
        "lastModified": 1639239143,
        "narHash": "sha256-9fFMUs6m3/4ZMflSqRgO4iEkBtFBnDyLWa3AB2tOvfs=",
        "owner": "NixOS",
        "repo": "nixpkgs",
        "rev": "e6df26a654b7fdd59a068c57001eab5736b1363c",
        "type": "github"
      },
      "original": {
        "id": "nixpkgs",
        "ref": "nixpkgs-unstable",
        "type": "indirect"
      }
    },
    "root": {
      "inputs": {
        "agenix": "agenix",
        "emacs-overlay": "emacs-overlay",
        "home-manager": "home-manager",
        "nixos-hardware": "nixos-hardware",
        "nixpkgs": "nixpkgs",
        "nixpkgs-unstable": "nixpkgs-unstable"
      }
    }
  },
  "root": "root",
  "version": 7
}
